
Microsoft Visual Studio Solution File, Format Version 12.00
# Visual Studio Version 17
VisualStudioVersion = 17.6.33723.286
MinimumVisualStudioVersion = 10.0.40219.1
Project("{2150E333-8FDC-42A3-9474-1A3956D46DE8}") = "Solution Items", "Solution Items", "{67B1F4C8-5C0A-43FC-8C63-1CEA57876C38}"
	ProjectSection(SolutionItems) = preProject
		.editorconfig = .editorconfig
		docker-compose.develop.yml = docker-compose.develop.yml
		docker-compose.production.yml = docker-compose.production.yml
	EndProjectSection
EndProject
Project("{2150E333-8FDC-42A3-9474-1A3956D46DE8}") = "src", "src", "{1366F6BD-0107-407B-ADCE-8D176E2D41E3}"
EndProject
Project("{2150E333-8FDC-42A3-9474-1A3956D46DE8}") = "test", "test", "{3B15E549-960E-422E-B4BD-F0314471C61A}"
EndProject
Project("{9A19103F-16F7-4668-BE54-9A1E7A4F7556}") = "MeChat.API", "src\MeChat.API\MeChat.API.csproj", "{28C90CA2-A32C-406D-A415-7A94BAE1D6FB}"
EndProject
Project("{9A19103F-16F7-4668-BE54-9A1E7A4F7556}") = "MeChat.Application", "src\MeChat.Application\MeChat.Application.csproj", "{EE100AF5-7B29-436A-B2E5-2EAE2044FDE6}"
EndProject
Project("{9A19103F-16F7-4668-BE54-9A1E7A4F7556}") = "MeChat.Common", "src\MeChat.Common\MeChat.Common.csproj", "{3E6260F4-6DCC-4D23-A4D6-7141D0B270C6}"
EndProject
Project("{9A19103F-16F7-4668-BE54-9A1E7A4F7556}") = "MeChat.Domain", "src\MeChat.Domain\MeChat.Domain.csproj", "{613373A1-62D6-4F81-9E5F-2527548A2092}"
EndProject
Project("{9A19103F-16F7-4668-BE54-9A1E7A4F7556}") = "MeChat.Persistence", "src\MeChat.Persistence\MeChat.Persistence.csproj", "{740AF8E9-6399-483D-811C-85ADE385DC39}"
EndProject
Project("{9A19103F-16F7-4668-BE54-9A1E7A4F7556}") = "MeChat.Presentation", "src\MeChat.Presentation\MeChat.Presentation.csproj", "{0041E65C-F147-4423-A090-ED7D34910674}"
EndProject
Project("{9A19103F-16F7-4668-BE54-9A1E7A4F7556}") = "MeChat.Architecture.Tests", "test\MeChat.Architecture.Tests\MeChat.Architecture.Tests.csproj", "{FC1337F3-3EAE-4490-A880-7745E22D0E14}"
EndProject
Project("{9A19103F-16F7-4668-BE54-9A1E7A4F7556}") = "MeChat.Infrastucture.MessageBroker.Producer.Email", "src\MeChat.Infrastucture.MessageBroker.Producer.Email\MeChat.Infrastucture.MessageBroker.Producer.Email.csproj", "{6BEB1053-15AA-466C-8B94-B7E068517E0D}"
EndProject
Project("{9A19103F-16F7-4668-BE54-9A1E7A4F7556}") = "MeChat.Infrastucture.MessageBroker.Consumer.Email", "src\MeChat.Infrastucture.MessageBroker.Consumer.Email\MeChat.Infrastucture.MessageBroker.Consumer.Email.csproj", "{AFCA8915-B41D-49D1-8CB0-466D08B81C56}"
EndProject
Project("{9A19103F-16F7-4668-BE54-9A1E7A4F7556}") = "MeChat.Infrastucture.DistributedCache", "src\MeChat.Infrastucture.DistributedCache\MeChat.Infrastucture.DistributedCache.csproj", "{03C11314-1B5C-40F1-A463-5A7050F127E0}"
EndProject
Project("{9A19103F-16F7-4668-BE54-9A1E7A4F7556}") = "MeChat.Infrastucture.Service.Jwt", "src\MeChat.Infrastucture.Service.Jwt\MeChat.Infrastucture.Service.Jwt.csproj", "{86E313B1-924A-4DB2-8E0E-41DC552C071B}"
EndProject
Project("{9A19103F-16F7-4668-BE54-9A1E7A4F7556}") = "MeChat.Infrastucture.Service.Email", "src\MeChat.Infrastucture.Service.Email\MeChat.Infrastucture.Service.Email.csproj", "{F55BB892-36A8-4992-A50F-1C60840DC542}"
EndProject
Project("{9A19103F-16F7-4668-BE54-9A1E7A4F7556}") = "MeChat.Infrastucture.Storage", "src\MeChat.Infrastucture.Storage\MeChat.Infrastucture.Storage.csproj", "{DC11E763-E5E4-43FA-81C9-DA34A24BBAA8}"
EndProject
Project("{9A19103F-16F7-4668-BE54-9A1E7A4F7556}") = "MeChat.Infrastucture.Data.Dapper", "src\MeChat.Infrastucture.Data.Dapper\MeChat.Infrastucture.Data.Dapper.csproj", "{29796B9E-F3C3-415B-8EA1-CA843950589A}"
EndProject
Global
	GlobalSection(SolutionConfigurationPlatforms) = preSolution
		Debug|Any CPU = Debug|Any CPU
		Release|Any CPU = Release|Any CPU
	EndGlobalSection
	GlobalSection(ProjectConfigurationPlatforms) = postSolution
		{28C90CA2-A32C-406D-A415-7A94BAE1D6FB}.Debug|Any CPU.ActiveCfg = Debug|Any CPU
		{28C90CA2-A32C-406D-A415-7A94BAE1D6FB}.Debug|Any CPU.Build.0 = Debug|Any CPU
		{28C90CA2-A32C-406D-A415-7A94BAE1D6FB}.Release|Any CPU.ActiveCfg = Release|Any CPU
		{28C90CA2-A32C-406D-A415-7A94BAE1D6FB}.Release|Any CPU.Build.0 = Release|Any CPU
		{EE100AF5-7B29-436A-B2E5-2EAE2044FDE6}.Debug|Any CPU.ActiveCfg = Debug|Any CPU
		{EE100AF5-7B29-436A-B2E5-2EAE2044FDE6}.Debug|Any CPU.Build.0 = Debug|Any CPU
		{EE100AF5-7B29-436A-B2E5-2EAE2044FDE6}.Release|Any CPU.ActiveCfg = Release|Any CPU
		{EE100AF5-7B29-436A-B2E5-2EAE2044FDE6}.Release|Any CPU.Build.0 = Release|Any CPU
		{3E6260F4-6DCC-4D23-A4D6-7141D0B270C6}.Debug|Any CPU.ActiveCfg = Debug|Any CPU
		{3E6260F4-6DCC-4D23-A4D6-7141D0B270C6}.Debug|Any CPU.Build.0 = Debug|Any CPU
		{3E6260F4-6DCC-4D23-A4D6-7141D0B270C6}.Release|Any CPU.ActiveCfg = Release|Any CPU
		{3E6260F4-6DCC-4D23-A4D6-7141D0B270C6}.Release|Any CPU.Build.0 = Release|Any CPU
		{613373A1-62D6-4F81-9E5F-2527548A2092}.Debug|Any CPU.ActiveCfg = Debug|Any CPU
		{613373A1-62D6-4F81-9E5F-2527548A2092}.Debug|Any CPU.Build.0 = Debug|Any CPU
		{613373A1-62D6-4F81-9E5F-2527548A2092}.Release|Any CPU.ActiveCfg = Release|Any CPU
		{613373A1-62D6-4F81-9E5F-2527548A2092}.Release|Any CPU.Build.0 = Release|Any CPU
		{740AF8E9-6399-483D-811C-85ADE385DC39}.Debug|Any CPU.ActiveCfg = Debug|Any CPU
		{740AF8E9-6399-483D-811C-85ADE385DC39}.Debug|Any CPU.Build.0 = Debug|Any CPU
		{740AF8E9-6399-483D-811C-85ADE385DC39}.Release|Any CPU.ActiveCfg = Release|Any CPU
		{740AF8E9-6399-483D-811C-85ADE385DC39}.Release|Any CPU.Build.0 = Release|Any CPU
		{0041E65C-F147-4423-A090-ED7D34910674}.Debug|Any CPU.ActiveCfg = Debug|Any CPU
		{0041E65C-F147-4423-A090-ED7D34910674}.Debug|Any CPU.Build.0 = Debug|Any CPU
		{0041E65C-F147-4423-A090-ED7D34910674}.Release|Any CPU.ActiveCfg = Release|Any CPU
		{0041E65C-F147-4423-A090-ED7D34910674}.Release|Any CPU.Build.0 = Release|Any CPU
		{FC1337F3-3EAE-4490-A880-7745E22D0E14}.Debug|Any CPU.ActiveCfg = Debug|Any CPU
		{FC1337F3-3EAE-4490-A880-7745E22D0E14}.Debug|Any CPU.Build.0 = Debug|Any CPU
		{FC1337F3-3EAE-4490-A880-7745E22D0E14}.Release|Any CPU.ActiveCfg = Release|Any CPU
		{FC1337F3-3EAE-4490-A880-7745E22D0E14}.Release|Any CPU.Build.0 = Release|Any CPU
		{6BEB1053-15AA-466C-8B94-B7E068517E0D}.Debug|Any CPU.ActiveCfg = Debug|Any CPU
		{6BEB1053-15AA-466C-8B94-B7E068517E0D}.Debug|Any CPU.Build.0 = Debug|Any CPU
		{6BEB1053-15AA-466C-8B94-B7E068517E0D}.Release|Any CPU.ActiveCfg = Release|Any CPU
		{6BEB1053-15AA-466C-8B94-B7E068517E0D}.Release|Any CPU.Build.0 = Release|Any CPU
		{AFCA8915-B41D-49D1-8CB0-466D08B81C56}.Debug|Any CPU.ActiveCfg = Debug|Any CPU
		{AFCA8915-B41D-49D1-8CB0-466D08B81C56}.Debug|Any CPU.Build.0 = Debug|Any CPU
		{AFCA8915-B41D-49D1-8CB0-466D08B81C56}.Release|Any CPU.ActiveCfg = Release|Any CPU
		{AFCA8915-B41D-49D1-8CB0-466D08B81C56}.Release|Any CPU.Build.0 = Release|Any CPU
		{03C11314-1B5C-40F1-A463-5A7050F127E0}.Debug|Any CPU.ActiveCfg = Debug|Any CPU
		{03C11314-1B5C-40F1-A463-5A7050F127E0}.Debug|Any CPU.Build.0 = Debug|Any CPU
		{03C11314-1B5C-40F1-A463-5A7050F127E0}.Release|Any CPU.ActiveCfg = Release|Any CPU
		{03C11314-1B5C-40F1-A463-5A7050F127E0}.Release|Any CPU.Build.0 = Release|Any CPU
		{86E313B1-924A-4DB2-8E0E-41DC552C071B}.Debug|Any CPU.ActiveCfg = Debug|Any CPU
		{86E313B1-924A-4DB2-8E0E-41DC552C071B}.Debug|Any CPU.Build.0 = Debug|Any CPU
		{86E313B1-924A-4DB2-8E0E-41DC552C071B}.Release|Any CPU.ActiveCfg = Release|Any CPU
		{86E313B1-924A-4DB2-8E0E-41DC552C071B}.Release|Any CPU.Build.0 = Release|Any CPU
		{F55BB892-36A8-4992-A50F-1C60840DC542}.Debug|Any CPU.ActiveCfg = Debug|Any CPU
		{F55BB892-36A8-4992-A50F-1C60840DC542}.Debug|Any CPU.Build.0 = Debug|Any CPU
		{F55BB892-36A8-4992-A50F-1C60840DC542}.Release|Any CPU.ActiveCfg = Release|Any CPU
		{F55BB892-36A8-4992-A50F-1C60840DC542}.Release|Any CPU.Build.0 = Release|Any CPU
		{DC11E763-E5E4-43FA-81C9-DA34A24BBAA8}.Debug|Any CPU.ActiveCfg = Debug|Any CPU
		{DC11E763-E5E4-43FA-81C9-DA34A24BBAA8}.Debug|Any CPU.Build.0 = Debug|Any CPU
		{DC11E763-E5E4-43FA-81C9-DA34A24BBAA8}.Release|Any CPU.ActiveCfg = Release|Any CPU
		{DC11E763-E5E4-43FA-81C9-DA34A24BBAA8}.Release|Any CPU.Build.0 = Release|Any CPU
		{29796B9E-F3C3-415B-8EA1-CA843950589A}.Debug|Any CPU.ActiveCfg = Debug|Any CPU
		{29796B9E-F3C3-415B-8EA1-CA843950589A}.Debug|Any CPU.Build.0 = Debug|Any CPU
		{29796B9E-F3C3-415B-8EA1-CA843950589A}.Release|Any CPU.ActiveCfg = Release|Any CPU
		{29796B9E-F3C3-415B-8EA1-CA843950589A}.Release|Any CPU.Build.0 = Release|Any CPU
	EndGlobalSection
	GlobalSection(SolutionProperties) = preSolution
		HideSolutionNode = FALSE
	EndGlobalSection
	GlobalSection(NestedProjects) = preSolution
		{28C90CA2-A32C-406D-A415-7A94BAE1D6FB} = {1366F6BD-0107-407B-ADCE-8D176E2D41E3}
		{EE100AF5-7B29-436A-B2E5-2EAE2044FDE6} = {1366F6BD-0107-407B-ADCE-8D176E2D41E3}
		{3E6260F4-6DCC-4D23-A4D6-7141D0B270C6} = {1366F6BD-0107-407B-ADCE-8D176E2D41E3}
		{613373A1-62D6-4F81-9E5F-2527548A2092} = {1366F6BD-0107-407B-ADCE-8D176E2D41E3}
		{740AF8E9-6399-483D-811C-85ADE385DC39} = {1366F6BD-0107-407B-ADCE-8D176E2D41E3}
		{0041E65C-F147-4423-A090-ED7D34910674} = {1366F6BD-0107-407B-ADCE-8D176E2D41E3}
		{FC1337F3-3EAE-4490-A880-7745E22D0E14} = {3B15E549-960E-422E-B4BD-F0314471C61A}
		{6BEB1053-15AA-466C-8B94-B7E068517E0D} = {1366F6BD-0107-407B-ADCE-8D176E2D41E3}
		{AFCA8915-B41D-49D1-8CB0-466D08B81C56} = {1366F6BD-0107-407B-ADCE-8D176E2D41E3}
		{03C11314-1B5C-40F1-A463-5A7050F127E0} = {1366F6BD-0107-407B-ADCE-8D176E2D41E3}
		{86E313B1-924A-4DB2-8E0E-41DC552C071B} = {1366F6BD-0107-407B-ADCE-8D176E2D41E3}
		{F55BB892-36A8-4992-A50F-1C60840DC542} = {1366F6BD-0107-407B-ADCE-8D176E2D41E3}
		{DC11E763-E5E4-43FA-81C9-DA34A24BBAA8} = {1366F6BD-0107-407B-ADCE-8D176E2D41E3}
		{29796B9E-F3C3-415B-8EA1-CA843950589A} = {1366F6BD-0107-407B-ADCE-8D176E2D41E3}
	EndGlobalSection
	GlobalSection(ExtensibilityGlobals) = postSolution
		SolutionGuid = {AB641A2F-8F72-43FE-9A01-864452A31FB7}
	EndGlobalSection
EndGlobal
